// !$*UTF8*$!
{
	archiveVersion = 1;
	classes = {
	};
	objectVersion = 46;
	objects = {

/* Begin PBXBuildFile section */
		B508527A1CD1BFE200BE41E4 /* main.m in Sources */ = {isa = PBXBuildFile; fileRef = B50852791CD1BFE200BE41E4 /* main.m */; };
		B508527D1CD1BFE200BE41E4 /* AppDelegate.m in Sources */ = {isa = PBXBuildFile; fileRef = B508527C1CD1BFE200BE41E4 /* AppDelegate.m */; };
		B50852801CD1BFE200BE41E4 /* ViewController.m in Sources */ = {isa = PBXBuildFile; fileRef = B508527F1CD1BFE200BE41E4 /* ViewController.m */; };
		B50852831CD1BFE200BE41E4 /* Main.storyboard in Resources */ = {isa = PBXBuildFile; fileRef = B50852811CD1BFE200BE41E4 /* Main.storyboard */; };
		B50852851CD1BFE200BE41E4 /* Assets.xcassets in Resources */ = {isa = PBXBuildFile; fileRef = B50852841CD1BFE200BE41E4 /* Assets.xcassets */; };
		B50852881CD1BFE200BE41E4 /* LaunchScreen.storyboard in Resources */ = {isa = PBXBuildFile; fileRef = B50852861CD1BFE200BE41E4 /* LaunchScreen.storyboard */; };
		B50852931CD1BFE200BE41E4 /* HYGPageTests.m in Sources */ = {isa = PBXBuildFile; fileRef = B50852921CD1BFE200BE41E4 /* HYGPageTests.m */; };
		B508529E1CD1BFE200BE41E4 /* HYGPageUITests.m in Sources */ = {isa = PBXBuildFile; fileRef = B508529D1CD1BFE200BE41E4 /* HYGPageUITests.m */; };
		B50852AD1CD1C01600BE41E4 /* HYGProfessionPageViewController.m in Sources */ = {isa = PBXBuildFile; fileRef = B50852AC1CD1C01600BE41E4 /* HYGProfessionPageViewController.m */; };
		B50852B01CD1C0B200BE41E4 /* HYGHeaderRootView.m in Sources */ = {isa = PBXBuildFile; fileRef = B50852AF1CD1C0B200BE41E4 /* HYGHeaderRootView.m */; };
		B50852B31CD1C10900BE41E4 /* HYGContainerRootView.m in Sources */ = {isa = PBXBuildFile; fileRef = B50852B21CD1C10900BE41E4 /* HYGContainerRootView.m */; };
		B551FC6B1CD1E0EC003514B5 /* HeaderCollectionView.m in Sources */ = {isa = PBXBuildFile; fileRef = B551FC6A1CD1E0EC003514B5 /* HeaderCollectionView.m */; };
		B551FC6F1CD1E6CA003514B5 /* HeaderCollectionCell.m in Sources */ = {isa = PBXBuildFile; fileRef = B551FC6D1CD1E6CA003514B5 /* HeaderCollectionCell.m */; };
		B551FC701CD1E6CA003514B5 /* HeaderCollectionCell.xib in Resources */ = {isa = PBXBuildFile; fileRef = B551FC6E1CD1E6CA003514B5 /* HeaderCollectionCell.xib */; };
		B551FC821CD1FB4D003514B5 /* ContainerCollectionView.m in Sources */ = {isa = PBXBuildFile; fileRef = B551FC811CD1FB4D003514B5 /* ContainerCollectionView.m */; };
		B551FC861CD1FB61003514B5 /* ContainerCollectionCell.m in Sources */ = {isa = PBXBuildFile; fileRef = B551FC841CD1FB61003514B5 /* ContainerCollectionCell.m */; };
		B551FC871CD1FB61003514B5 /* ContainerCollectionCell.xib in Resources */ = {isa = PBXBuildFile; fileRef = B551FC851CD1FB61003514B5 /* ContainerCollectionCell.xib */; };
		B5CB86471CD30A8D00DE57E3 /* myController.m in Sources */ = {isa = PBXBuildFile; fileRef = B5CB86461CD30A8D00DE57E3 /* myController.m */; };
/* End PBXBuildFile section */

/* Begin PBXContainerItemProxy section */
		B508528F1CD1BFE200BE41E4 /* PBXContainerItemProxy */ = {
			isa = PBXContainerItemProxy;
			containerPortal = B508526D1CD1BFE200BE41E4 /* Project object */;
			proxyType = 1;
			remoteGlobalIDString = B50852741CD1BFE200BE41E4;
			remoteInfo = HYGPage;
		};
		B508529A1CD1BFE200BE41E4 /* PBXContainerItemProxy */ = {
			isa = PBXContainerItemProxy;
			containerPortal = B508526D1CD1BFE200BE41E4 /* Project object */;
			proxyType = 1;
			remoteGlobalIDString = B50852741CD1BFE200BE41E4;
			remoteInfo = HYGPage;
		};
/* End PBXContainerItemProxy section */

/* Begin PBXFileReference section */
		B50852751CD1BFE200BE41E4 /* HYGPage.app */ = {isa = PBXFileReference; explicitFileType = wrapper.application; includeInIndex = 0; path = HYGPage.app; sourceTree = BUILT_PRODUCTS_DIR; };
		B50852791CD1BFE200BE41E4 /* main.m */ = {isa = PBXFileReference; lastKnownFileType = sourcecode.c.objc; path = main.m; sourceTree = "<group>"; };
		B508527B1CD1BFE200BE41E4 /* AppDelegate.h */ = {isa = PBXFileReference; lastKnownFileType = sourcecode.c.h; path = AppDelegate.h; sourceTree = "<group>"; };
		B508527C1CD1BFE200BE41E4 /* AppDelegate.m */ = {isa = PBXFileReference; lastKnownFileType = sourcecode.c.objc; path = AppDelegate.m; sourceTree = "<group>"; };
		B508527E1CD1BFE200BE41E4 /* ViewController.h */ = {isa = PBXFileReference; lastKnownFileType = sourcecode.c.h; path = ViewController.h; sourceTree = "<group>"; };
		B508527F1CD1BFE200BE41E4 /* ViewController.m */ = {isa = PBXFileReference; lastKnownFileType = sourcecode.c.objc; path = ViewController.m; sourceTree = "<group>"; };
		B50852821CD1BFE200BE41E4 /* Base */ = {isa = PBXFileReference; lastKnownFileType = file.storyboard; name = Base; path = Base.lproj/Main.storyboard; sourceTree = "<group>"; };
		B50852841CD1BFE200BE41E4 /* Assets.xcassets */ = {isa = PBXFileReference; lastKnownFileType = folder.assetcatalog; path = Assets.xcassets; sourceTree = "<group>"; };
		B50852871CD1BFE200BE41E4 /* Base */ = {isa = PBXFileReference; lastKnownFileType = file.storyboard; name = Base; path = Base.lproj/LaunchScreen.storyboard; sourceTree = "<group>"; };
		B50852891CD1BFE200BE41E4 /* Info.plist */ = {isa = PBXFileReference; lastKnownFileType = text.plist.xml; path = Info.plist; sourceTree = "<group>"; };
		B508528E1CD1BFE200BE41E4 /* HYGPageTests.xctest */ = {isa = PBXFileReference; explicitFileType = wrapper.cfbundle; includeInIndex = 0; path = HYGPageTests.xctest; sourceTree = BUILT_PRODUCTS_DIR; };
		B50852921CD1BFE200BE41E4 /* HYGPageTests.m */ = {isa = PBXFileReference; lastKnownFileType = sourcecode.c.objc; path = HYGPageTests.m; sourceTree = "<group>"; };
		B50852941CD1BFE200BE41E4 /* Info.plist */ = {isa = PBXFileReference; lastKnownFileType = text.plist.xml; path = Info.plist; sourceTree = "<group>"; };
		B50852991CD1BFE200BE41E4 /* HYGPageUITests.xctest */ = {isa = PBXFileReference; explicitFileType = wrapper.cfbundle; includeInIndex = 0; path = HYGPageUITests.xctest; sourceTree = BUILT_PRODUCTS_DIR; };
		B508529D1CD1BFE200BE41E4 /* HYGPageUITests.m */ = {isa = PBXFileReference; lastKnownFileType = sourcecode.c.objc; path = HYGPageUITests.m; sourceTree = "<group>"; };
		B508529F1CD1BFE200BE41E4 /* Info.plist */ = {isa = PBXFileReference; lastKnownFileType = text.plist.xml; path = Info.plist; sourceTree = "<group>"; };
		B50852AB1CD1C01600BE41E4 /* HYGProfessionPageViewController.h */ = {isa = PBXFileReference; fileEncoding = 4; lastKnownFileType = sourcecode.c.h; path = HYGProfessionPageViewController.h; sourceTree = "<group>"; };
		B50852AC1CD1C01600BE41E4 /* HYGProfessionPageViewController.m */ = {isa = PBXFileReference; fileEncoding = 4; lastKnownFileType = sourcecode.c.objc; path = HYGProfessionPageViewController.m; sourceTree = "<group>"; };
		B50852AE1CD1C0B200BE41E4 /* HYGHeaderRootView.h */ = {isa = PBXFileReference; fileEncoding = 4; lastKnownFileType = sourcecode.c.h; path = HYGHeaderRootView.h; sourceTree = "<group>"; };
		B50852AF1CD1C0B200BE41E4 /* HYGHeaderRootView.m */ = {isa = PBXFileReference; fileEncoding = 4; lastKnownFileType = sourcecode.c.objc; path = HYGHeaderRootView.m; sourceTree = "<group>"; };
		B50852B11CD1C10900BE41E4 /* HYGContainerRootView.h */ = {isa = PBXFileReference; fileEncoding = 4; lastKnownFileType = sourcecode.c.h; path = HYGContainerRootView.h; sourceTree = "<group>"; };
		B50852B21CD1C10900BE41E4 /* HYGContainerRootView.m */ = {isa = PBXFileReference; fileEncoding = 4; lastKnownFileType = sourcecode.c.objc; path = HYGContainerRootView.m; sourceTree = "<group>"; };
		B551FC691CD1E0EC003514B5 /* HeaderCollectionView.h */ = {isa = PBXFileReference; fileEncoding = 4; lastKnownFileType = sourcecode.c.h; path = HeaderCollectionView.h; sourceTree = "<group>"; };
		B551FC6A1CD1E0EC003514B5 /* HeaderCollectionView.m */ = {isa = PBXFileReference; fileEncoding = 4; lastKnownFileType = sourcecode.c.objc; path = HeaderCollectionView.m; sourceTree = "<group>"; };
		B551FC6C1CD1E6CA003514B5 /* HeaderCollectionCell.h */ = {isa = PBXFileReference; fileEncoding = 4; lastKnownFileType = sourcecode.c.h; path = HeaderCollectionCell.h; sourceTree = "<group>"; };
		B551FC6D1CD1E6CA003514B5 /* HeaderCollectionCell.m */ = {isa = PBXFileReference; fileEncoding = 4; lastKnownFileType = sourcecode.c.objc; path = HeaderCollectionCell.m; sourceTree = "<group>"; };
		B551FC6E1CD1E6CA003514B5 /* HeaderCollectionCell.xib */ = {isa = PBXFileReference; fileEncoding = 4; lastKnownFileType = file.xib; path = HeaderCollectionCell.xib; sourceTree = "<group>"; };
		B551FC801CD1FB4D003514B5 /* ContainerCollectionView.h */ = {isa = PBXFileReference; fileEncoding = 4; lastKnownFileType = sourcecode.c.h; path = ContainerCollectionView.h; sourceTree = "<group>"; };
		B551FC811CD1FB4D003514B5 /* ContainerCollectionView.m */ = {isa = PBXFileReference; fileEncoding = 4; lastKnownFileType = sourcecode.c.objc; path = ContainerCollectionView.m; sourceTree = "<group>"; };
		B551FC831CD1FB61003514B5 /* ContainerCollectionCell.h */ = {isa = PBXFileReference; fileEncoding = 4; lastKnownFileType = sourcecode.c.h; path = ContainerCollectionCell.h; sourceTree = "<group>"; };
		B551FC841CD1FB61003514B5 /* ContainerCollectionCell.m */ = {isa = PBXFileReference; fileEncoding = 4; lastKnownFileType = sourcecode.c.objc; path = ContainerCollectionCell.m; sourceTree = "<group>"; };
		B551FC851CD1FB61003514B5 /* ContainerCollectionCell.xib */ = {isa = PBXFileReference; fileEncoding = 4; lastKnownFileType = file.xib; path = ContainerCollectionCell.xib; sourceTree = "<group>"; };
		B5CB86451CD30A8D00DE57E3 /* myController.h */ = {isa = PBXFileReference; fileEncoding = 4; lastKnownFileType = sourcecode.c.h; path = myController.h; sourceTree = "<group>"; };
		B5CB86461CD30A8D00DE57E3 /* myController.m */ = {isa = PBXFileReference; fileEncoding = 4; lastKnownFileType = sourcecode.c.objc; path = myController.m; sourceTree = "<group>"; };
/* End PBXFileReference section */

/* Begin PBXFrameworksBuildPhase section */
		B50852721CD1BFE200BE41E4 /* Frameworks */ = {
			isa = PBXFrameworksBuildPhase;
			buildActionMask = 2147483647;
			files = (
			);
			runOnlyForDeploymentPostprocessing = 0;
		};
		B508528B1CD1BFE200BE41E4 /* Frameworks */ = {
			isa = PBXFrameworksBuildPhase;
			buildActionMask = 2147483647;
			files = (
			);
			runOnlyForDeploymentPostprocessing = 0;
		};
		B50852961CD1BFE200BE41E4 /* Frameworks */ = {
			isa = PBXFrameworksBuildPhase;
			buildActionMask = 2147483647;
			files = (
			);
			runOnlyForDeploymentPostprocessing = 0;
		};
/* End PBXFrameworksBuildPhase section */

/* Begin PBXGroup section */
		B508526C1CD1BFE200BE41E4 = {
			isa = PBXGroup;
			children = (
				B50852771CD1BFE200BE41E4 /* HYGPage */,
				B50852911CD1BFE200BE41E4 /* HYGPageTests */,
				B508529C1CD1BFE200BE41E4 /* HYGPageUITests */,
				B50852761CD1BFE200BE41E4 /* Products */,
			);
			sourceTree = "<group>";
		};
		B50852761CD1BFE200BE41E4 /* Products */ = {
			isa = PBXGroup;
			children = (
				B50852751CD1BFE200BE41E4 /* HYGPage.app */,
				B508528E1CD1BFE200BE41E4 /* HYGPageTests.xctest */,
				B50852991CD1BFE200BE41E4 /* HYGPageUITests.xctest */,
			);
			name = Products;
			sourceTree = "<group>";
		};
		B50852771CD1BFE200BE41E4 /* HYGPage */ = {
			isa = PBXGroup;
			children = (
				B508527B1CD1BFE200BE41E4 /* AppDelegate.h */,
				B508527C1CD1BFE200BE41E4 /* AppDelegate.m */,
				B508527E1CD1BFE200BE41E4 /* ViewController.h */,
				B508527F1CD1BFE200BE41E4 /* ViewController.m */,
				B5CB86451CD30A8D00DE57E3 /* myController.h */,
				B5CB86461CD30A8D00DE57E3 /* myController.m */,
				B50852AB1CD1C01600BE41E4 /* HYGProfessionPageViewController.h */,
				B50852AC1CD1C01600BE41E4 /* HYGProfessionPageViewController.m */,
				B50852AE1CD1C0B200BE41E4 /* HYGHeaderRootView.h */,
				B50852AF1CD1C0B200BE41E4 /* HYGHeaderRootView.m */,
				B50852B11CD1C10900BE41E4 /* HYGContainerRootView.h */,
				B50852B21CD1C10900BE41E4 /* HYGContainerRootView.m */,
				B551FC651CD1DE6D003514B5 /* headerView */,
				B551FC711CD1F83F003514B5 /* containerView */,
				B50852811CD1BFE200BE41E4 /* Main.storyboard */,
				B50852841CD1BFE200BE41E4 /* Assets.xcassets */,
				B50852861CD1BFE200BE41E4 /* LaunchScreen.storyboard */,
				B50852891CD1BFE200BE41E4 /* Info.plist */,
				B50852781CD1BFE200BE41E4 /* Supporting Files */,
			);
			path = HYGPage;
			sourceTree = "<group>";
		};
		B50852781CD1BFE200BE41E4 /* Supporting Files */ = {
			isa = PBXGroup;
			children = (
				B50852791CD1BFE200BE41E4 /* main.m */,
			);
			name = "Supporting Files";
			sourceTree = "<group>";
		};
		B50852911CD1BFE200BE41E4 /* HYGPageTests */ = {
			isa = PBXGroup;
			children = (
				B50852921CD1BFE200BE41E4 /* HYGPageTests.m */,
				B50852941CD1BFE200BE41E4 /* Info.plist */,
			);
			path = HYGPageTests;
			sourceTree = "<group>";
		};
		B508529C1CD1BFE200BE41E4 /* HYGPageUITests */ = {
			isa = PBXGroup;
			children = (
				B508529D1CD1BFE200BE41E4 /* HYGPageUITests.m */,
				B508529F1CD1BFE200BE41E4 /* Info.plist */,
			);
			path = HYGPageUITests;
			sourceTree = "<group>";
		};
		B551FC651CD1DE6D003514B5 /* headerView */ = {
			isa = PBXGroup;
			children = (
				B551FC691CD1E0EC003514B5 /* HeaderCollectionView.h */,
				B551FC6A1CD1E0EC003514B5 /* HeaderCollectionView.m */,
				B551FC6C1CD1E6CA003514B5 /* HeaderCollectionCell.h */,
				B551FC6D1CD1E6CA003514B5 /* HeaderCollectionCell.m */,
				B551FC6E1CD1E6CA003514B5 /* HeaderCollectionCell.xib */,
			);
			name = headerView;
			sourceTree = "<group>";
		};
		B551FC711CD1F83F003514B5 /* containerView */ = {
			isa = PBXGroup;
			children = (
				B551FC801CD1FB4D003514B5 /* ContainerCollectionView.h */,
				B551FC811CD1FB4D003514B5 /* ContainerCollectionView.m */,
				B551FC831CD1FB61003514B5 /* ContainerCollectionCell.h */,
				B551FC841CD1FB61003514B5 /* ContainerCollectionCell.m */,
				B551FC851CD1FB61003514B5 /* ContainerCollectionCell.xib */,
			);
			name = containerView;
			sourceTree = "<group>";
		};
/* End PBXGroup section */

/* Begin PBXNativeTarget section */
		B50852741CD1BFE200BE41E4 /* HYGPage */ = {
			isa = PBXNativeTarget;
			buildConfigurationList = B50852A21CD1BFE200BE41E4 /* Build configuration list for PBXNativeTarget "HYGPage" */;
			buildPhases = (
				B50852711CD1BFE200BE41E4 /* Sources */,
				B50852721CD1BFE200BE41E4 /* Frameworks */,
				B50852731CD1BFE200BE41E4 /* Resources */,
			);
			buildRules = (
			);
			dependencies = (
			);
			name = HYGPage;
			productName = HYGPage;
			productReference = B50852751CD1BFE200BE41E4 /* HYGPage.app */;
			productType = "com.apple.product-type.application";
		};
		B508528D1CD1BFE200BE41E4 /* HYGPageTests */ = {
			isa = PBXNativeTarget;
			buildConfigurationList = B50852A51CD1BFE200BE41E4 /* Build configuration list for PBXNativeTarget "HYGPageTests" */;
			buildPhases = (
				B508528A1CD1BFE200BE41E4 /* Sources */,
				B508528B1CD1BFE200BE41E4 /* Frameworks */,
				B508528C1CD1BFE200BE41E4 /* Resources */,
			);
			buildRules = (
			);
			dependencies = (
				B50852901CD1BFE200BE41E4 /* PBXTargetDependency */,
			);
			name = HYGPageTests;
			productName = HYGPageTests;
			productReference = B508528E1CD1BFE200BE41E4 /* HYGPageTests.xctest */;
			productType = "com.apple.product-type.bundle.unit-test";
		};
		B50852981CD1BFE200BE41E4 /* HYGPageUITests */ = {
			isa = PBXNativeTarget;
			buildConfigurationList = B50852A81CD1BFE200BE41E4 /* Build configuration list for PBXNativeTarget "HYGPageUITests" */;
			buildPhases = (
				B50852951CD1BFE200BE41E4 /* Sources */,
				B50852961CD1BFE200BE41E4 /* Frameworks */,
				B50852971CD1BFE200BE41E4 /* Resources */,
			);
			buildRules = (
			);
			dependencies = (
				B508529B1CD1BFE200BE41E4 /* PBXTargetDependency */,
			);
			name = HYGPageUITests;
			productName = HYGPageUITests;
			productReference = B50852991CD1BFE200BE41E4 /* HYGPageUITests.xctest */;
			productType = "com.apple.product-type.bundle.ui-testing";
		};
/* End PBXNativeTarget section */

/* Begin PBXProject section */
		B508526D1CD1BFE200BE41E4 /* Project object */ = {
			isa = PBXProject;
			attributes = {
				LastUpgradeCheck = 0730;
				ORGANIZATIONNAME = "侯英格";
				TargetAttributes = {
					B50852741CD1BFE200BE41E4 = {
						CreatedOnToolsVersion = 7.3;
						DevelopmentTeam = 75NFKH62Q4;
					};
					B508528D1CD1BFE200BE41E4 = {
						CreatedOnToolsVersion = 7.3;
						TestTargetID = B50852741CD1BFE200BE41E4;
					};
					B50852981CD1BFE200BE41E4 = {
						CreatedOnToolsVersion = 7.3;
						TestTargetID = B50852741CD1BFE200BE41E4;
					};
				};
			};
			buildConfigurationList = B50852701CD1BFE200BE41E4 /* Build configuration list for PBXProject "HYGPage" */;
			compatibilityVersion = "Xcode 3.2";
			developmentRegion = English;
			hasScannedForEncodings = 0;
			knownRegions = (
				en,
				Base,
			);
			mainGroup = B508526C1CD1BFE200BE41E4;
			productRefGroup = B50852761CD1BFE200BE41E4 /* Products */;
			projectDirPath = "";
			projectRoot = "";
			targets = (
				B50852741CD1BFE200BE41E4 /* HYGPage */,
				B508528D1CD1BFE200BE41E4 /* HYGPageTests */,
				B50852981CD1BFE200BE41E4 /* HYGPageUITests */,
			);
		};
/* End PBXProject section */

/* Begin PBXResourcesBuildPhase section */
		B50852731CD1BFE200BE41E4 /* Resources */ = {
			isa = PBXResourcesBuildPhase;
			buildActionMask = 2147483647;
			files = (
				B50852881CD1BFE200BE41E4 /* LaunchScreen.storyboard in Resources */,
				B50852851CD1BFE200BE41E4 /* Assets.xcassets in Resources */,
				B551FC871CD1FB61003514B5 /* ContainerCollectionCell.xib in Resources */,
				B551FC701CD1E6CA003514B5 /* HeaderCollectionCell.xib in Resources */,
				B50852831CD1BFE200BE41E4 /* Main.storyboard in Resources */,
			);
			runOnlyForDeploymentPostprocessing = 0;
		};
		B508528C1CD1BFE200BE41E4 /* Resources */ = {
			isa = PBXResourcesBuildPhase;
			buildActionMask = 2147483647;
			files = (
			);
			runOnlyForDeploymentPostprocessing = 0;
		};
		B50852971CD1BFE200BE41E4 /* Resources */ = {
			isa = PBXResourcesBuildPhase;
			buildActionMask = 2147483647;
			files = (
			);
			runOnlyForDeploymentPostprocessing = 0;
		};
/* End PBXResourcesBuildPhase section */

/* Begin PBXSourcesBuildPhase section */
		B50852711CD1BFE200BE41E4 /* Sources */ = {
			isa = PBXSourcesBuildPhase;
			buildActionMask = 2147483647;
			files = (
				B551FC6B1CD1E0EC003514B5 /* HeaderCollectionView.m in Sources */,
				B50852AD1CD1C01600BE41E4 /* HYGProfessionPageViewController.m in Sources */,
				B50852801CD1BFE200BE41E4 /* ViewController.m in Sources */,
				B551FC821CD1FB4D003514B5 /* ContainerCollectionView.m in Sources */,
				B508527D1CD1BFE200BE41E4 /* AppDelegate.m in Sources */,
				B508527A1CD1BFE200BE41E4 /* main.m in Sources */,
				B50852B01CD1C0B200BE41E4 /* HYGHeaderRootView.m in Sources */,
				B551FC861CD1FB61003514B5 /* ContainerCollectionCell.m in Sources */,
				B551FC6F1CD1E6CA003514B5 /* HeaderCollectionCell.m in Sources */,
				B50852B31CD1C10900BE41E4 /* HYGContainerRootView.m in Sources */,
				B5CB86471CD30A8D00DE57E3 /* myController.m in Sources */,
			);
			runOnlyForDeploymentPostprocessing = 0;
		};
		B508528A1CD1BFE200BE41E4 /* Sources */ = {
			isa = PBXSourcesBuildPhase;
			buildActionMask = 2147483647;
			files = (
				B50852931CD1BFE200BE41E4 /* HYGPageTests.m in Sources */,
			);
			runOnlyForDeploymentPostprocessing = 0;
		};
		B50852951CD1BFE200BE41E4 /* Sources */ = {
			isa = PBXSourcesBuildPhase;
			buildActionMask = 2147483647;
			files = (
				B508529E1CD1BFE200BE41E4 /* HYGPageUITests.m in Sources */,
			);
			runOnlyForDeploymentPostprocessing = 0;
		};
/* End PBXSourcesBuildPhase section */

/* Begin PBXTargetDependency section */
		B50852901CD1BFE200BE41E4 /* PBXTargetDependency */ = {
			isa = PBXTargetDependency;
			target = B50852741CD1BFE200BE41E4 /* HYGPage */;
			targetProxy = B508528F1CD1BFE200BE41E4 /* PBXContainerItemProxy */;
		};
		B508529B1CD1BFE200BE41E4 /* PBXTargetDependency */ = {
			isa = PBXTargetDependency;
			target = B50852741CD1BFE200BE41E4 /* HYGPage */;
			targetProxy = B508529A1CD1BFE200BE41E4 /* PBXContainerItemProxy */;
		};
/* End PBXTargetDependency section */

/* Begin PBXVariantGroup section */
		B50852811CD1BFE200BE41E4 /* Main.storyboard */ = {
			isa = PBXVariantGroup;
			children = (
				B50852821CD1BFE200BE41E4 /* Base */,
			);
			name = Main.storyboard;
			sourceTree = "<group>";
		};
		B50852861CD1BFE200BE41E4 /* LaunchScreen.storyboard */ = {
			isa = PBXVariantGroup;
			children = (
				B50852871CD1BFE200BE41E4 /* Base */,
			);
			name = LaunchScreen.storyboard;
			sourceTree = "<group>";
		};
/* End PBXVariantGroup section */

/* Begin XCBuildConfiguration section */
		B50852A01CD1BFE200BE41E4 /* Debug */ = {
			isa = XCBuildConfiguration;
			buildSettings = {
				ALWAYS_SEARCH_USER_PATHS = NO;
				CLANG_ANALYZER_NONNULL = YES;
				CLANG_CXX_LANGUAGE_STANDARD = "gnu++0x";
				CLANG_CXX_LIBRARY = "libc++";
				CLANG_ENABLE_MODULES = YES;
				CLANG_ENABLE_OBJC_ARC = YES;
				CLANG_WARN_BOOL_CONVERSION = YES;
				CLANG_WARN_CONSTANT_CONVERSION = YES;
				CLANG_WARN_DIRECT_OBJC_ISA_USAGE = YES_ERROR;
				CLANG_WARN_EMPTY_BODY = YES;
				CLANG_WARN_ENUM_CONVERSION = YES;
				CLANG_WARN_INT_CONVERSION = YES;
				CLANG_WARN_OBJC_ROOT_CLASS = YES_ERROR;
				CLANG_WARN_UNREACHABLE_CODE = YES;
				CLANG_WARN__DUPLICATE_METHOD_MATCH = YES;
				"CODE_SIGN_IDENTITY[sdk=iphoneos*]" = "iPhone Developer";
				COPY_PHASE_STRIP = NO;
				DEBUG_INFORMATION_FORMAT = dwarf;
				ENABLE_STRICT_OBJC_MSGSEND = YES;
				ENABLE_TESTABILITY = YES;
				GCC_C_LANGUAGE_STANDARD = gnu99;
				GCC_DYNAMIC_NO_PIC = NO;
				GCC_NO_COMMON_BLOCKS = YES;
				GCC_OPTIMIZATION_LEVEL = 0;
				GCC_PREPROCESSOR_DEFINITIONS = (
					"DEBUG=1",
					"$(inherited)",
				);
				GCC_WARN_64_TO_32_BIT_CONVERSION = YES;
				GCC_WARN_ABOUT_RETURN_TYPE = YES_ERROR;
				GCC_WARN_UNDECLARED_SELECTOR = YES;
				GCC_WARN_UNINITIALIZED_AUTOS = YES_AGGRESSIVE;
				GCC_WARN_UNUSED_FUNCTION = YES;
				GCC_WARN_UNUSED_VARIABLE = YES;
				IPHONEOS_DEPLOYMENT_TARGET = 9.3;
				MTL_ENABLE_DEBUG_INFO = YES;
				ONLY_ACTIVE_ARCH = YES;
				SDKROOT = iphoneos;
				TARGETED_DEVICE_FAMILY = "1,2";
			};
			name = Debug;
		};
		B50852A11CD1BFE200BE41E4 /* Release */ = {
			isa = XCBuildConfiguration;
			buildSettings = {
				ALWAYS_SEARCH_USER_PATHS = NO;
				CLANG_ANALYZER_NONNULL = YES;
				CLANG_CXX_LANGUAGE_STANDARD = "gnu++0x";
				CLANG_CXX_LIBRARY = "libc++";
				CLANG_ENABLE_MODULES = YES;
				CLANG_ENABLE_OBJC_ARC = YES;
				CLANG_WARN_BOOL_CONVERSION = YES;
				CLANG_WARN_CONSTANT_CONVERSION = YES;
				CLANG_WARN_DIRECT_OBJC_ISA_USAGE = YES_ERROR;
				CLANG_WARN_EMPTY_BODY = YES;
				CLANG_WARN_ENUM_CONVERSION = YES;
				CLANG_WARN_INT_CONVERSION = YES;
				CLANG_WARN_OBJC_ROOT_CLASS = YES_ERROR;
				CLANG_WARN_UNREACHABLE_CODE = YES;
				CLANG_WARN__DUPLICATE_METHOD_MATCH = YES;
				"CODE_SIGN_IDENTITY[sdk=iphoneos*]" = "iPhone Developer";
				COPY_PHASE_STRIP = NO;
				DEBUG_INFORMATION_FORMAT = "dwarf-with-dsym";
				ENABLE_NS_ASSERTIONS = NO;
				ENABLE_STRICT_OBJC_MSGSEND = YES;
				GCC_C_LANGUAGE_STANDARD = gnu99;
				GCC_NO_COMMON_BLOCKS = YES;
				GCC_WARN_64_TO_32_BIT_CONVERSION = YES;
				GCC_WARN_ABOUT_RETURN_TYPE = YES_ERROR;
				GCC_WARN_UNDECLARED_SELECTOR = YES;
				GCC_WARN_UNINITIALIZED_AUTOS = YES_AGGRESSIVE;
				GCC_WARN_UNUSED_FUNCTION = YES;
				GCC_WARN_UNUSED_VARIABLE = YES;
				IPHONEOS_DEPLOYMENT_TARGET = 9.3;
				MTL_ENABLE_DEBUG_INFO = NO;
				SDKROOT = iphoneos;
				TARGETED_DEVICE_FAMILY = "1,2";
				VALIDATE_PRODUCT = YES;
			};
			name = Release;
		};
		B50852A31CD1BFE200BE41E4 /* Debug */ = {
			isa = XCBuildConfiguration;
			buildSettings = {
				ASSETCATALOG_COMPILER_APPICON_NAME = AppIcon;
				CODE_SIGN_IDENTITY = "iPhone Developer";
				INFOPLIST_FILE = HYGPage/Info.plist;
				LD_RUNPATH_SEARCH_PATHS = "$(inherited) @executable_path/Frameworks";
				PRODUCT_BUNDLE_IDENTIFIER = com.ephwealth.hyg;
				PRODUCT_NAME = "$(TARGET_NAME)";
			};
			name = Debug;
		};
		B50852A41CD1BFE200BE41E4 /* Release */ = {
			isa = XCBuildConfiguration;
			buildSettings = {
				ASSETCATALOG_COMPILER_APPICON_NAME = AppIcon;
				CODE_SIGN_IDENTITY = "iPhone Developer";
				INFOPLIST_FILE = HYGPage/Info.plist;
				LD_RUNPATH_SEARCH_PATHS = "$(inherited) @executable_path/Frameworks";
				PRODUCT_BUNDLE_IDENTIFIER = com.ephwealth.hyg;
				PRODUCT_NAME = "$(TARGET_NAME)";
			};
			name = Release;
		};
		B50852A61CD1BFE200BE41E4 /* Debug */ = {
			isa = XCBuildConfiguration;
			buildSettings = {
				BUNDLE_LOADER = "$(TEST_HOST)";
				INFOPLIST_FILE = HYGPageTests/Info.plist;
				LD_RUNPATH_SEARCH_PATHS = "$(inherited) @executable_path/Frameworks @loader_path/Frameworks";
				PRODUCT_BUNDLE_IDENTIFIER = com.hyg.HYGPageTests;
				PRODUCT_NAME = "$(TARGET_NAME)";
				TEST_HOST = "$(BUILT_PRODUCTS_DIR)/HYGPage.app/HYGPage";
			};
			name = Debug;
		};
		B50852A71CD1BFE200BE41E4 /* Release */ = {
			isa = XCBuildConfiguration;
			buildSettings = {
				BUNDLE_LOADER = "$(TEST_HOST)";
				INFOPLIST_FILE = HYGPageTests/Info.plist;
				LD_RUNPATH_SEARCH_PATHS = "$(inherited) @executable_path/Frameworks @loader_path/Frameworks";
				PRODUCT_BUNDLE_IDENTIFIER = com.hyg.HYGPageTests;
				PRODUCT_NAME = "$(TARGET_NAME)";
				TEST_HOST = "$(BUILT_PRODUCTS_DIR)/HYGPage.app/HYGPage";
			};
			name = Release;
		};
		B50852A91CD1BFE200BE41E4 /* Debug */ = {
			isa = XCBuildConfiguration;
			buildSettings = {
				INFOPLIST_FILE = HYGPageUITests/Info.plist;
				LD_RUNPATH_SEARCH_PATHS = "$(inherited) @executable_path/Frameworks @loader_path/Frameworks";
				PRODUCT_BUNDLE_IDENTIFIER = com.hyg.HYGPageUITests;
				PRODUCT_NAME = "$(TARGET_NAME)";
				TEST_TARGET_NAME = HYGPage;
			};
			name = Debug;
		};
		B50852AA1CD1BFE200BE41E4 /* Release */ = {
			isa = XCBuildConfiguration;
			buildSettings = {
				INFOPLIST_FILE = HYGPageUITests/Info.plist;
				LD_RUNPATH_SEARCH_PATHS = "$(inherited) @executable_path/Frameworks @loader_path/Frameworks";
				PRODUCT_BUNDLE_IDENTIFIER = com.hyg.HYGPageUITests;
				PRODUCT_NAME = "$(TARGET_NAME)";
				TEST_TARGET_NAME = HYGPage;
			};
			name = Release;
		};
/* End XCBuildConfiguration section */

/* Begin XCConfigurationList section */
		B50852701CD1BFE200BE41E4 /* Build configuration list for PBXProject "HYGPage" */ = {
			isa = XCConfigurationList;
			buildConfigurations = (
				B50852A01CD1BFE200BE41E4 /* Debug */,
				B50852A11CD1BFE200BE41E4 /* Release */,
			);
			defaultConfigurationIsVisible = 0;
			defaultConfigurationName = Release;
		};
		B50852A21CD1BFE200BE41E4 /* Build configuration list for PBXNativeTarget "HYGPage" */ = {
			isa = XCConfigurationList;
			buildConfigurations = (
				B50852A31CD1BFE200BE41E4 /* Debug */,
				B50852A41CD1BFE200BE41E4 /* Release */,
			);
			defaultConfigurationIsVisible = 0;
			defaultConfigurationName = Release;
		};
		B50852A51CD1BFE200BE41E4 /* Build configuration list for PBXNativeTarget "HYGPageTests" */ = {
			isa = XCConfigurationList;
			buildConfigurations = (
				B50852A61CD1BFE200BE41E4 /* Debug */,
				B50852A71CD1BFE200BE41E4 /* Release */,
			);
			defaultConfigurationIsVisible = 0;
			defaultConfigurationName = Release;
		};
		B50852A81CD1BFE200BE41E4 /* Build configuration list for PBXNativeTarget "HYGPageUITests" */ = {
			isa = XCConfigurationList;
			buildConfigurations = (
				B50852A91CD1BFE200BE41E4 /* Debug */,
				B50852AA1CD1BFE200BE41E4 /* Release */,
			);
			defaultConfigurationIsVisible = 0;
			defaultConfigurationName = Release;
		};
/* End XCConfigurationList section */
	};
	rootObject = B508526D1CD1BFE200BE41E4 /* Project object */;
}
